// !$*UTF8*$!
{
	archiveVersion = 1;
	classes = {
	};
	objectVersion = 50;
	objects = {

/* Begin PBXBuildFile section */
		B83501442117ACCD0063FFFA /* AppDelegate.swift in Sources */ = {isa = PBXBuildFile; fileRef = B83501432117ACCD0063FFFA /* AppDelegate.swift */; };
		B83501462117ACCD0063FFFA /* ViewController.swift in Sources */ = {isa = PBXBuildFile; fileRef = B83501452117ACCD0063FFFA /* ViewController.swift */; };
		B83501492117ACCD0063FFFA /* Main.storyboard in Resources */ = {isa = PBXBuildFile; fileRef = B83501472117ACCD0063FFFA /* Main.storyboard */; };
		B835014C2117ACCD0063FFFA /* Caldenar_Master.xcdatamodeld in Sources */ = {isa = PBXBuildFile; fileRef = B835014A2117ACCD0063FFFA /* Caldenar_Master.xcdatamodeld */; };
		B835014E2117ACCD0063FFFA /* Assets.xcassets in Resources */ = {isa = PBXBuildFile; fileRef = B835014D2117ACCD0063FFFA /* Assets.xcassets */; };
		B83501512117ACCD0063FFFA /* LaunchScreen.storyboard in Resources */ = {isa = PBXBuildFile; fileRef = B835014F2117ACCD0063FFFA /* LaunchScreen.storyboard */; };
		B835015C2117ACCD0063FFFA /* Caldenar_MasterTests.swift in Sources */ = {isa = PBXBuildFile; fileRef = B835015B2117ACCD0063FFFA /* Caldenar_MasterTests.swift */; };
		B83501672117ACCE0063FFFA /* Caldenar_MasterUITests.swift in Sources */ = {isa = PBXBuildFile; fileRef = B83501662117ACCE0063FFFA /* Caldenar_MasterUITests.swift */; };
/* End PBXBuildFile section */

/* Begin PBXContainerItemProxy section */
		B83501582117ACCD0063FFFA /* PBXContainerItemProxy */ = {
			isa = PBXContainerItemProxy;
			containerPortal = B83501382117ACCD0063FFFA /* Project object */;
			proxyType = 1;
			remoteGlobalIDString = B835013F2117ACCD0063FFFA;
			remoteInfo = "Caldenar Master";
		};
		B83501632117ACCE0063FFFA /* PBXContainerItemProxy */ = {
			isa = PBXContainerItemProxy;
			containerPortal = B83501382117ACCD0063FFFA /* Project object */;
			proxyType = 1;
			remoteGlobalIDString = B835013F2117ACCD0063FFFA;
			remoteInfo = "Caldenar Master";
		};
/* End PBXContainerItemProxy section */

/* Begin PBXFileReference section */
		B83501402117ACCD0063FFFA /* Caldenar Master.app */ = {isa = PBXFileReference; explicitFileType = wrapper.application; includeInIndex = 0; path = "Caldenar Master.app"; sourceTree = BUILT_PRODUCTS_DIR; };
		B83501432117ACCD0063FFFA /* AppDelegate.swift */ = {isa = PBXFileReference; lastKnownFileType = sourcecode.swift; path = AppDelegate.swift; sourceTree = "<group>"; };
		B83501452117ACCD0063FFFA /* ViewController.swift */ = {isa = PBXFileReference; lastKnownFileType = sourcecode.swift; path = ViewController.swift; sourceTree = "<group>"; };
		B83501482117ACCD0063FFFA /* Base */ = {isa = PBXFileReference; lastKnownFileType = file.storyboard; name = Base; path = Base.lproj/Main.storyboard; sourceTree = "<group>"; };
		B835014B2117ACCD0063FFFA /* Caldenar_Master.xcdatamodel */ = {isa = PBXFileReference; lastKnownFileType = wrapper.xcdatamodel; path = Caldenar_Master.xcdatamodel; sourceTree = "<group>"; };
		B835014D2117ACCD0063FFFA /* Assets.xcassets */ = {isa = PBXFileReference; lastKnownFileType = folder.assetcatalog; path = Assets.xcassets; sourceTree = "<group>"; };
		B83501502117ACCD0063FFFA /* Base */ = {isa = PBXFileReference; lastKnownFileType = file.storyboard; name = Base; path = Base.lproj/LaunchScreen.storyboard; sourceTree = "<group>"; };
		B83501522117ACCD0063FFFA /* Info.plist */ = {isa = PBXFileReference; lastKnownFileType = text.plist.xml; path = Info.plist; sourceTree = "<group>"; };
		B83501572117ACCD0063FFFA /* Caldenar MasterTests.xctest */ = {isa = PBXFileReference; explicitFileType = wrapper.cfbundle; includeInIndex = 0; path = "Caldenar MasterTests.xctest"; sourceTree = BUILT_PRODUCTS_DIR; };
		B835015B2117ACCD0063FFFA /* Caldenar_MasterTests.swift */ = {isa = PBXFileReference; lastKnownFileType = sourcecode.swift; path = Caldenar_MasterTests.swift; sourceTree = "<group>"; };
		B835015D2117ACCD0063FFFA /* Info.plist */ = {isa = PBXFileReference; lastKnownFileType = text.plist.xml; path = Info.plist; sourceTree = "<group>"; };
		B83501622117ACCE0063FFFA /* Caldenar MasterUITests.xctest */ = {isa = PBXFileReference; explicitFileType = wrapper.cfbundle; includeInIndex = 0; path = "Caldenar MasterUITests.xctest"; sourceTree = BUILT_PRODUCTS_DIR; };
		B83501662117ACCE0063FFFA /* Caldenar_MasterUITests.swift */ = {isa = PBXFileReference; lastKnownFileType = sourcecode.swift; path = Caldenar_MasterUITests.swift; sourceTree = "<group>"; };
		B83501682117ACCE0063FFFA /* Info.plist */ = {isa = PBXFileReference; lastKnownFileType = text.plist.xml; path = Info.plist; sourceTree = "<group>"; };
/* End PBXFileReference section */

/* Begin PBXFrameworksBuildPhase section */
		B835013D2117ACCD0063FFFA /* Frameworks */ = {
			isa = PBXFrameworksBuildPhase;
			buildActionMask = 2147483647;
			files = (
			);
			runOnlyForDeploymentPostprocessing = 0;
		};
		B83501542117ACCD0063FFFA /* Frameworks */ = {
			isa = PBXFrameworksBuildPhase;
			buildActionMask = 2147483647;
			files = (
			);
			runOnlyForDeploymentPostprocessing = 0;
		};
		B835015F2117ACCE0063FFFA /* Frameworks */ = {
			isa = PBXFrameworksBuildPhase;
			buildActionMask = 2147483647;
			files = (
			);
			runOnlyForDeploymentPostprocessing = 0;
		};
/* End PBXFrameworksBuildPhase section */

/* Begin PBXGroup section */
		B83501372117ACCD0063FFFA = {
			isa = PBXGroup;
			children = (
				B83501422117ACCD0063FFFA /* Caldenar Master */,
				B835015A2117ACCD0063FFFA /* Caldenar MasterTests */,
				B83501652117ACCE0063FFFA /* Caldenar MasterUITests */,
				B83501412117ACCD0063FFFA /* Products */,
			);
			sourceTree = "<group>";
		};
		B83501412117ACCD0063FFFA /* Products */ = {
			isa = PBXGroup;
			children = (
				B83501402117ACCD0063FFFA /* Caldenar Master.app */,
				B83501572117ACCD0063FFFA /* Caldenar MasterTests.xctest */,
				B83501622117ACCE0063FFFA /* Caldenar MasterUITests.xctest */,
			);
			name = Products;
			sourceTree = "<group>";
		};
		B83501422117ACCD0063FFFA /* Caldenar Master */ = {
			isa = PBXGroup;
			children = (
				B83501432117ACCD0063FFFA /* AppDelegate.swift */,
				B83501452117ACCD0063FFFA /* ViewController.swift */,
				B83501472117ACCD0063FFFA /* Main.storyboard */,
				B835014D2117ACCD0063FFFA /* Assets.xcassets */,
				B835014F2117ACCD0063FFFA /* LaunchScreen.storyboard */,
				B83501522117ACCD0063FFFA /* Info.plist */,
				B835014A2117ACCD0063FFFA /* Caldenar_Master.xcdatamodeld */,
			);
			path = "Caldenar Master";
			sourceTree = "<group>";
		};
		B835015A2117ACCD0063FFFA /* Caldenar MasterTests */ = {
			isa = PBXGroup;
			children = (
				B835015B2117ACCD0063FFFA /* Caldenar_MasterTests.swift */,
				B835015D2117ACCD0063FFFA /* Info.plist */,
			);
			path = "Caldenar MasterTests";
			sourceTree = "<group>";
		};
		B83501652117ACCE0063FFFA /* Caldenar MasterUITests */ = {
			isa = PBXGroup;
			children = (
				B83501662117ACCE0063FFFA /* Caldenar_MasterUITests.swift */,
				B83501682117ACCE0063FFFA /* Info.plist */,
			);
			path = "Caldenar MasterUITests";
			sourceTree = "<group>";
		};
/* End PBXGroup section */

/* Begin PBXNativeTarget section */
		B835013F2117ACCD0063FFFA /* Caldenar Master */ = {
			isa = PBXNativeTarget;
			buildConfigurationList = B835016B2117ACCE0063FFFA /* Build configuration list for PBXNativeTarget "Caldenar Master" */;
			buildPhases = (
				B835013C2117ACCD0063FFFA /* Sources */,
				B835013D2117ACCD0063FFFA /* Frameworks */,
				B835013E2117ACCD0063FFFA /* Resources */,
			);
			buildRules = (
			);
			dependencies = (
			);
			name = "Caldenar Master";
			productName = "Caldenar Master";
			productReference = B83501402117ACCD0063FFFA /* Caldenar Master.app */;
			productType = "com.apple.product-type.application";
		};
		B83501562117ACCD0063FFFA /* Caldenar MasterTests */ = {
			isa = PBXNativeTarget;
			buildConfigurationList = B835016E2117ACCE0063FFFA /* Build configuration list for PBXNativeTarget "Caldenar MasterTests" */;
			buildPhases = (
				B83501532117ACCD0063FFFA /* Sources */,
				B83501542117ACCD0063FFFA /* Frameworks */,
				B83501552117ACCD0063FFFA /* Resources */,
			);
			buildRules = (
			);
			dependencies = (
				B83501592117ACCD0063FFFA /* PBXTargetDependency */,
			);
			name = "Caldenar MasterTests";
			productName = "Caldenar MasterTests";
			productReference = B83501572117ACCD0063FFFA /* Caldenar MasterTests.xctest */;
			productType = "com.apple.product-type.bundle.unit-test";
		};
		B83501612117ACCE0063FFFA /* Caldenar MasterUITests */ = {
			isa = PBXNativeTarget;
			buildConfigurationList = B83501712117ACCE0063FFFA /* Build configuration list for PBXNativeTarget "Caldenar MasterUITests" */;
			buildPhases = (
				B835015E2117ACCE0063FFFA /* Sources */,
				B835015F2117ACCE0063FFFA /* Frameworks */,
				B83501602117ACCE0063FFFA /* Resources */,
			);
			buildRules = (
			);
			dependencies = (
				B83501642117ACCE0063FFFA /* PBXTargetDependency */,
			);
			name = "Caldenar MasterUITests";
			productName = "Caldenar MasterUITests";
			productReference = B83501622117ACCE0063FFFA /* Caldenar MasterUITests.xctest */;
			productType = "com.apple.product-type.bundle.ui-testing";
		};
/* End PBXNativeTarget section */

/* Begin PBXProject section */
		B83501382117ACCD0063FFFA /* Project object */ = {
			isa = PBXProject;
			attributes = {
				LastSwiftUpdateCheck = 0940;
				LastUpgradeCheck = 0940;
				ORGANIZATIONNAME = "姜来";
				TargetAttributes = {
					B835013F2117ACCD0063FFFA = {
						CreatedOnToolsVersion = 9.4.1;
					};
					B83501562117ACCD0063FFFA = {
						CreatedOnToolsVersion = 9.4.1;
						TestTargetID = B835013F2117ACCD0063FFFA;
					};
					B83501612117ACCE0063FFFA = {
						CreatedOnToolsVersion = 9.4.1;
						TestTargetID = B835013F2117ACCD0063FFFA;
					};
				};
			};
			buildConfigurationList = B835013B2117ACCD0063FFFA /* Build configuration list for PBXProject "Caldenar Master" */;
			compatibilityVersion = "Xcode 9.3";
			developmentRegion = en;
			hasScannedForEncodings = 0;
			knownRegions = (
				en,
				Base,
			);
			mainGroup = B83501372117ACCD0063FFFA;
			productRefGroup = B83501412117ACCD0063FFFA /* Products */;
			projectDirPath = "";
			projectRoot = "";
			targets = (
				B835013F2117ACCD0063FFFA /* Caldenar Master */,
				B83501562117ACCD0063FFFA /* Caldenar MasterTests */,
				B83501612117ACCE0063FFFA /* Caldenar MasterUITests */,
			);
		};
/* End PBXProject section */

/* Begin PBXResourcesBuildPhase section */
		B835013E2117ACCD0063FFFA /* Resources */ = {
			isa = PBXResourcesBuildPhase;
			buildActionMask = 2147483647;
			files = (
				B83501512117ACCD0063FFFA /* LaunchScreen.storyboard in Resources */,
				B835014E2117ACCD0063FFFA /* Assets.xcassets in Resources */,
				B83501492117ACCD0063FFFA /* Main.storyboard in Resources */,
			);
			runOnlyForDeploymentPostprocessing = 0;
		};
		B83501552117ACCD0063FFFA /* Resources */ = {
			isa = PBXResourcesBuildPhase;
			buildActionMask = 2147483647;
			files = (
			);
			runOnlyForDeploymentPostprocessing = 0;
		};
		B83501602117ACCE0063FFFA /* Resources */ = {
			isa = PBXResourcesBuildPhase;
			buildActionMask = 2147483647;
			files = (
			);
			runOnlyForDeploymentPostprocessing = 0;
		};
/* End PBXResourcesBuildPhase section */

/* Begin PBXSourcesBuildPhase section */
		B835013C2117ACCD0063FFFA /* Sources */ = {
			isa = PBXSourcesBuildPhase;
			buildActionMask = 2147483647;
			files = (
				B835014C2117ACCD0063FFFA /* Caldenar_Master.xcdatamodeld in Sources */,
				B83501462117ACCD0063FFFA /* ViewController.swift in Sources */,
				B83501442117ACCD0063FFFA /* AppDelegate.swift in Sources */,
			);
			runOnlyForDeploymentPostprocessing = 0;
		};
		B83501532117ACCD0063FFFA /* Sources */ = {
			isa = PBXSourcesBuildPhase;
			buildActionMask = 2147483647;
			files = (
				B835015C2117ACCD0063FFFA /* Caldenar_MasterTests.swift in Sources */,
			);
			runOnlyForDeploymentPostprocessing = 0;
		};
		B835015E2117ACCE0063FFFA /* Sources */ = {
			isa = PBXSourcesBuildPhase;
			buildActionMask = 2147483647;
			files = (
				B83501672117ACCE0063FFFA /* Caldenar_MasterUITests.swift in Sources */,
			);
			runOnlyForDeploymentPostprocessing = 0;
		};
/* End PBXSourcesBuildPhase section */

/* Begin PBXTargetDependency section */
		B83501592117ACCD0063FFFA /* PBXTargetDependency */ = {
			isa = PBXTargetDependency;
			target = B835013F2117ACCD0063FFFA /* Caldenar Master */;
			targetProxy = B83501582117ACCD0063FFFA /* PBXContainerItemProxy */;
		};
		B83501642117ACCE0063FFFA /* PBXTargetDependency */ = {
			isa = PBXTargetDependency;
			target = B835013F2117ACCD0063FFFA /* Caldenar Master */;
			targetProxy = B83501632117ACCE0063FFFA /* PBXContainerItemProxy */;
		};
/* End PBXTargetDependency section */

/* Begin PBXVariantGroup section */
		B83501472117ACCD0063FFFA /* Main.storyboard */ = {
			isa = PBXVariantGroup;
			children = (
				B83501482117ACCD0063FFFA /* Base */,
			);
			name = Main.storyboard;
			sourceTree = "<group>";
		};
		B835014F2117ACCD0063FFFA /* LaunchScreen.storyboard */ = {
			isa = PBXVariantGroup;
			children = (
				B83501502117ACCD0063FFFA /* Base */,
			);
			name = LaunchScreen.storyboard;
			sourceTree = "<group>";
		};
/* End PBXVariantGroup section */

/* Begin XCBuildConfiguration section */
		B83501692117ACCE0063FFFA /* Debug */ = {
			isa = XCBuildConfiguration;
			buildSettings = {
				ALWAYS_SEARCH_USER_PATHS = NO;
				CLANG_ANALYZER_NONNULL = YES;
				CLANG_ANALYZER_NUMBER_OBJECT_CONVERSION = YES_AGGRESSIVE;
				CLANG_CXX_LANGUAGE_STANDARD = "gnu++14";
				CLANG_CXX_LIBRARY = "libc++";
				CLANG_ENABLE_MODULES = YES;
				CLANG_ENABLE_OBJC_ARC = YES;
				CLANG_ENABLE_OBJC_WEAK = YES;
				CLANG_WARN_BLOCK_CAPTURE_AUTORELEASING = YES;
				CLANG_WARN_BOOL_CONVERSION = YES;
				CLANG_WARN_COMMA = YES;
				CLANG_WARN_CONSTANT_CONVERSION = YES;
				CLANG_WARN_DEPRECATED_OBJC_IMPLEMENTATIONS = YES;
				CLANG_WARN_DIRECT_OBJC_ISA_USAGE = YES_ERROR;
				CLANG_WARN_DOCUMENTATION_COMMENTS = YES;
				CLANG_WARN_EMPTY_BODY = YES;
				CLANG_WARN_ENUM_CONVERSION = YES;
				CLANG_WARN_INFINITE_RECURSION = YES;
				CLANG_WARN_INT_CONVERSION = YES;
				CLANG_WARN_NON_LITERAL_NULL_CONVERSION = YES;
				CLANG_WARN_OBJC_IMPLICIT_RETAIN_SELF = YES;
				CLANG_WARN_OBJC_LITERAL_CONVERSION = YES;
				CLANG_WARN_OBJC_ROOT_CLASS = YES_ERROR;
				CLANG_WARN_RANGE_LOOP_ANALYSIS = YES;
				CLANG_WARN_STRICT_PROTOTYPES = YES;
				CLANG_WARN_SUSPICIOUS_MOVE = YES;
				CLANG_WARN_UNGUARDED_AVAILABILITY = YES_AGGRESSIVE;
				CLANG_WARN_UNREACHABLE_CODE = YES;
				CLANG_WARN__DUPLICATE_METHOD_MATCH = YES;
				CODE_SIGN_IDENTITY = "iPhone Developer";
				COPY_PHASE_STRIP = NO;
				DEBUG_INFORMATION_FORMAT = dwarf;
				ENABLE_STRICT_OBJC_MSGSEND = YES;
				ENABLE_TESTABILITY = YES;
				GCC_C_LANGUAGE_STANDARD = gnu11;
				GCC_DYNAMIC_NO_PIC = NO;
				GCC_NO_COMMON_BLOCKS = YES;
				GCC_OPTIMIZATION_LEVEL = 0;
				GCC_PREPROCESSOR_DEFINITIONS = (
					"DEBUG=1",
					"$(inherited)",
				);
				GCC_WARN_64_TO_32_BIT_CONVERSION = YES;
				GCC_WARN_ABOUT_RETURN_TYPE = YES_ERROR;
				GCC_WARN_UNDECLARED_SELECTOR = YES;
				GCC_WARN_UNINITIALIZED_AUTOS = YES_AGGRESSIVE;
				GCC_WARN_UNUSED_FUNCTION = YES;
				GCC_WARN_UNUSED_VARIABLE = YES;
				IPHONEOS_DEPLOYMENT_TARGET = 11.4;
				MTL_ENABLE_DEBUG_INFO = YES;
				ONLY_ACTIVE_ARCH = YES;
				SDKROOT = iphoneos;
				SWIFT_ACTIVE_COMPILATION_CONDITIONS = DEBUG;
				SWIFT_OPTIMIZATION_LEVEL = "-Onone";
			};
			name = Debug;
		};
		B835016A2117ACCE0063FFFA /* Release */ = {
			isa = XCBuildConfiguration;
			buildSettings = {
				ALWAYS_SEARCH_USER_PATHS = NO;
				CLANG_ANALYZER_NONNULL = YES;
				CLANG_ANALYZER_NUMBER_OBJECT_CONVERSION = YES_AGGRESSIVE;
				CLANG_CXX_LANGUAGE_STANDARD = "gnu++14";
				CLANG_CXX_LIBRARY = "libc++";
				CLANG_ENABLE_MODULES = YES;
				CLANG_ENABLE_OBJC_ARC = YES;
				CLANG_ENABLE_OBJC_WEAK = YES;
				CLANG_WARN_BLOCK_CAPTURE_AUTORELEASING = YES;
				CLANG_WARN_BOOL_CONVERSION = YES;
				CLANG_WARN_COMMA = YES;
				CLANG_WARN_CONSTANT_CONVERSION = YES;
				CLANG_WARN_DEPRECATED_OBJC_IMPLEMENTATIONS = YES;
				CLANG_WARN_DIRECT_OBJC_ISA_USAGE = YES_ERROR;
				CLANG_WARN_DOCUMENTATION_COMMENTS = YES;
				CLANG_WARN_EMPTY_BODY = YES;
				CLANG_WARN_ENUM_CONVERSION = YES;
				CLANG_WARN_INFINITE_RECURSION = YES;
				CLANG_WARN_INT_CONVERSION = YES;
				CLANG_WARN_NON_LITERAL_NULL_CONVERSION = YES;
				CLANG_WARN_OBJC_IMPLICIT_RETAIN_SELF = YES;
				CLANG_WARN_OBJC_LITERAL_CONVERSION = YES;
				CLANG_WARN_OBJC_ROOT_CLASS = YES_ERROR;
				CLANG_WARN_RANGE_LOOP_ANALYSIS = YES;
				CLANG_WARN_STRICT_PROTOTYPES = YES;
				CLANG_WARN_SUSPICIOUS_MOVE = YES;
				CLANG_WARN_UNGUARDED_AVAILABILITY = YES_AGGRESSIVE;
				CLANG_WARN_UNREACHABLE_CODE = YES;
				CLANG_WARN__DUPLICATE_METHOD_MATCH = YES;
				CODE_SIGN_IDENTITY = "iPhone Developer";
				COPY_PHASE_STRIP = NO;
				DEBUG_INFORMATION_FORMAT = "dwarf-with-dsym";
				ENABLE_NS_ASSERTIONS = NO;
				ENABLE_STRICT_OBJC_MSGSEND = YES;
				GCC_C_LANGUAGE_STANDARD = gnu11;
				GCC_NO_COMMON_BLOCKS = YES;
				GCC_WARN_64_TO_32_BIT_CONVERSION = YES;
				GCC_WARN_ABOUT_RETURN_TYPE = YES_ERROR;
				GCC_WARN_UNDECLARED_SELECTOR = YES;
				GCC_WARN_UNINITIALIZED_AUTOS = YES_AGGRESSIVE;
				GCC_WARN_UNUSED_FUNCTION = YES;
				GCC_WARN_UNUSED_VARIABLE = YES;
				IPHONEOS_DEPLOYMENT_TARGET = 11.4;
				MTL_ENABLE_DEBUG_INFO = NO;
				SDKROOT = iphoneos;
				SWIFT_COMPILATION_MODE = wholemodule;
				SWIFT_OPTIMIZATION_LEVEL = "-O";
				VALIDATE_PRODUCT = YES;
			};
			name = Release;
		};
		B835016C2117ACCE0063FFFA /* Debug */ = {
			isa = XCBuildConfiguration;
			buildSettings = {
				ASSETCATALOG_COMPILER_APPICON_NAME = AppIcon;
				CODE_SIGN_STYLE = Automatic;
				DEVELOPMENT_TEAM = MW7F52G822;
				INFOPLIST_FILE = "Caldenar Master/Info.plist";
				LD_RUNPATH_SEARCH_PATHS = (
					"$(inherited)",
					"@executable_path/Frameworks",
				);
				PRODUCT_BUNDLE_IDENTIFIER = "com.Calenda-Msater.Caldenar-Master";
				PRODUCT_NAME = "$(TARGET_NAME)";
				SWIFT_VERSION = 4.0;
				TARGETED_DEVICE_FAMILY = "1,2";
			};
			name = Debug;
		};
		B835016D2117ACCE0063FFFA /* Release */ = {
			isa = XCBuildConfiguration;
			buildSettings = {
				ASSETCATALOG_COMPILER_APPICON_NAME = AppIcon;
				CODE_SIGN_STYLE = Automatic;
				DEVELOPMENT_TEAM = MW7F52G822;
				INFOPLIST_FILE = "Caldenar Master/Info.plist";
				LD_RUNPATH_SEARCH_PATHS = (
					"$(inherited)",
					"@executable_path/Frameworks",
				);
				PRODUCT_BUNDLE_IDENTIFIER = "com.Calenda-Msater.Caldenar-Master";
				PRODUCT_NAME = "$(TARGET_NAME)";
				SWIFT_VERSION = 4.0;
				TARGETED_DEVICE_FAMILY = "1,2";
			};
			name = Release;
		};
		B835016F2117ACCE0063FFFA /* Debug */ = {
			isa = XCBuildConfiguration;
			buildSettings = {
				ALWAYS_EMBED_SWIFT_STANDARD_LIBRARIES = YES;
				BUNDLE_LOADER = "$(TEST_HOST)";
				CODE_SIGN_STYLE = Automatic;
				DEVELOPMENT_TEAM = MW7F52G822;
				INFOPLIST_FILE = "Caldenar MasterTests/Info.plist";
				LD_RUNPATH_SEARCH_PATHS = (
					"$(inherited)",
					"@executable_path/Frameworks",
					"@loader_path/Frameworks",
				);
				PRODUCT_BUNDLE_IDENTIFIER = "com.Calenda-Msater.Caldenar-MasterTests";
				PRODUCT_NAME = "$(TARGET_NAME)";
				SWIFT_VERSION = 4.0;
				TARGETED_DEVICE_FAMILY = "1,2";
				TEST_HOST = "$(BUILT_PRODUCTS_DIR)/Caldenar Master.app/Caldenar Master";
			};
			name = Debug;
		};
		B83501702117ACCE0063FFFA /* Release */ = {
			isa = XCBuildConfiguration;
			buildSettings = {
				ALWAYS_EMBED_SWIFT_STANDARD_LIBRARIES = YES;
				BUNDLE_LOADER = "$(TEST_HOST)";
				CODE_SIGN_STYLE = Automatic;
				DEVELOPMENT_TEAM = MW7F52G822;
				INFOPLIST_FILE = "Caldenar MasterTests/Info.plist";
				LD_RUNPATH_SEARCH_PATHS = (
					"$(inherited)",
					"@executable_path/Frameworks",
					"@loader_path/Frameworks",
				);
				PRODUCT_BUNDLE_IDENTIFIER = "com.Calenda-Msater.Caldenar-MasterTests";
				PRODUCT_NAME = "$(TARGET_NAME)";
				SWIFT_VERSION = 4.0;
				TARGETED_DEVICE_FAMILY = "1,2";
				TEST_HOST = "$(BUILT_PRODUCTS_DIR)/Caldenar Master.app/Caldenar Master";
			};
			name = Release;
		};
		B83501722117ACCE0063FFFA /* Debug */ = {
			isa = XCBuildConfiguration;
			buildSettings = {
				ALWAYS_EMBED_SWIFT_STANDARD_LIBRARIES = YES;
				CODE_SIGN_STYLE = Automatic;
				DEVELOPMENT_TEAM = MW7F52G822;
				INFOPLIST_FILE = "Caldenar MasterUITests/Info.plist";
				LD_RUNPATH_SEARCH_PATHS = (
					"$(inherited)",
					"@executable_path/Frameworks",
					"@loader_path/Frameworks",
				);
				PRODUCT_BUNDLE_IDENTIFIER = "com.Calenda-Msater.Caldenar-MasterUITests";
				PRODUCT_NAME = "$(TARGET_NAME)";
				SWIFT_VERSION = 4.0;
				TARGETED_DEVICE_FAMILY = "1,2";
				TEST_TARGET_NAME = "Caldenar Master";
			};
			name = Debug;
		};
		B83501732117ACCE0063FFFA /* Release */ = {
			isa = XCBuildConfiguration;
			buildSettings = {
				ALWAYS_EMBED_SWIFT_STANDARD_LIBRARIES = YES;
				CODE_SIGN_STYLE = Automatic;
				DEVELOPMENT_TEAM = MW7F52G822;
				INFOPLIST_FILE = "Caldenar MasterUITests/Info.plist";
				LD_RUNPATH_SEARCH_PATHS = (
					"$(inherited)",
					"@executable_path/Frameworks",
					"@loader_path/Frameworks",
				);
				PRODUCT_BUNDLE_IDENTIFIER = "com.Calenda-Msater.Caldenar-MasterUITests";
				PRODUCT_NAME = "$(TARGET_NAME)";
				SWIFT_VERSION = 4.0;
				TARGETED_DEVICE_FAMILY = "1,2";
				TEST_TARGET_NAME = "Caldenar Master";
			};
			name = Release;
		};
/* End XCBuildConfiguration section */

/* Begin XCConfigurationList section */
		B835013B2117ACCD0063FFFA /* Build configuration list for PBXProject "Caldenar Master" */ = {
			isa = XCConfigurationList;
			buildConfigurations = (
				B83501692117ACCE0063FFFA /* Debug */,
				B835016A2117ACCE0063FFFA /* Release */,
			);
			defaultConfigurationIsVisible = 0;
			defaultConfigurationName = Release;
		};
		B835016B2117ACCE0063FFFA /* Build configuration list for PBXNativeTarget "Caldenar Master" */ = {
			isa = XCConfigurationList;
			buildConfigurations = (
				B835016C2117ACCE0063FFFA /* Debug */,
				B835016D2117ACCE0063FFFA /* Release */,
			);
			defaultConfigurationIsVisible = 0;
			defaultConfigurationName = Release;
		};
		B835016E2117ACCE0063FFFA /* Build configuration list for PBXNativeTarget "Caldenar MasterTests" */ = {
			isa = XCConfigurationList;
			buildConfigurations = (
				B835016F2117ACCE0063FFFA /* Debug */,
				B83501702117ACCE0063FFFA /* Release */,
			);
			defaultConfigurationIsVisible = 0;
			defaultConfigurationName = Release;
		};
		B83501712117ACCE0063FFFA /* Build configuration list for PBXNativeTarget "Caldenar MasterUITests" */ = {
			isa = XCConfigurationList;
			buildConfigurations = (
				B83501722117ACCE0063FFFA /* Debug */,
				B83501732117ACCE0063FFFA /* Release */,
			);
			defaultConfigurationIsVisible = 0;
			defaultConfigurationName = Release;
		};
/* End XCConfigurationList section */

/* Begin XCVersionGroup section */
		B835014A2117ACCD0063FFFA /* Caldenar_Master.xcdatamodeld */ = {
			isa = XCVersionGroup;
			children = (
				B835014B2117ACCD0063FFFA /* Caldenar_Master.xcdatamodel */,
			);
			currentVersion = B835014B2117ACCD0063FFFA /* Caldenar_Master.xcdatamodel */;
			path = Caldenar_Master.xcdatamodeld;
			sourceTree = "<group>";
			versionGroupType = wrapper.xcdatamodel;
		};
/* End XCVersionGroup section */
	};
	rootObject = B83501382117ACCD0063FFFA /* Project object */;
}
