// !$*UTF8*$!
{
	archiveVersion = 1;
	classes = {
	};
	objectVersion = 50;
	objects = {

/* Begin PBXBuildFile section */
		B891B5E02117843000F98BFF /* AppDelegate.m in Sources */ = {isa = PBXBuildFile; fileRef = B891B5DF2117843000F98BFF /* AppDelegate.m */; };
		B891B5E32117843000F98BFF /* ViewController.m in Sources */ = {isa = PBXBuildFile; fileRef = B891B5E22117843000F98BFF /* ViewController.m */; };
		B891B5E62117843000F98BFF /* Main.storyboard in Resources */ = {isa = PBXBuildFile; fileRef = B891B5E42117843000F98BFF /* Main.storyboard */; };
		B891B5E92117843000F98BFF /* Calenda_Master.xcdatamodeld in Sources */ = {isa = PBXBuildFile; fileRef = B891B5E72117843000F98BFF /* Calenda_Master.xcdatamodeld */; };
		B891B5EB2117843100F98BFF /* Assets.xcassets in Resources */ = {isa = PBXBuildFile; fileRef = B891B5EA2117843100F98BFF /* Assets.xcassets */; };
		B891B5EE2117843100F98BFF /* LaunchScreen.storyboard in Resources */ = {isa = PBXBuildFile; fileRef = B891B5EC2117843100F98BFF /* LaunchScreen.storyboard */; };
		B891B5F12117843100F98BFF /* main.m in Sources */ = {isa = PBXBuildFile; fileRef = B891B5F02117843100F98BFF /* main.m */; };
		B891B5FB2117843100F98BFF /* Calenda_MasterTests.m in Sources */ = {isa = PBXBuildFile; fileRef = B891B5FA2117843100F98BFF /* Calenda_MasterTests.m */; };
		B891B6062117843100F98BFF /* Calenda_MasterUITests.m in Sources */ = {isa = PBXBuildFile; fileRef = B891B6052117843100F98BFF /* Calenda_MasterUITests.m */; };
/* End PBXBuildFile section */

/* Begin PBXContainerItemProxy section */
		B891B5F72117843100F98BFF /* PBXContainerItemProxy */ = {
			isa = PBXContainerItemProxy;
			containerPortal = B891B5D32117843000F98BFF /* Project object */;
			proxyType = 1;
			remoteGlobalIDString = B891B5DA2117843000F98BFF;
			remoteInfo = "Calenda Master";
		};
		B891B6022117843100F98BFF /* PBXContainerItemProxy */ = {
			isa = PBXContainerItemProxy;
			containerPortal = B891B5D32117843000F98BFF /* Project object */;
			proxyType = 1;
			remoteGlobalIDString = B891B5DA2117843000F98BFF;
			remoteInfo = "Calenda Master";
		};
/* End PBXContainerItemProxy section */

/* Begin PBXFileReference section */
		B891B5DB2117843000F98BFF /* Calenda Master.app */ = {isa = PBXFileReference; explicitFileType = wrapper.application; includeInIndex = 0; path = "Calenda Master.app"; sourceTree = BUILT_PRODUCTS_DIR; };
		B891B5DE2117843000F98BFF /* AppDelegate.h */ = {isa = PBXFileReference; lastKnownFileType = sourcecode.c.h; path = AppDelegate.h; sourceTree = "<group>"; };
		B891B5DF2117843000F98BFF /* AppDelegate.m */ = {isa = PBXFileReference; lastKnownFileType = sourcecode.c.objc; path = AppDelegate.m; sourceTree = "<group>"; };
		B891B5E12117843000F98BFF /* ViewController.h */ = {isa = PBXFileReference; lastKnownFileType = sourcecode.c.h; path = ViewController.h; sourceTree = "<group>"; };
		B891B5E22117843000F98BFF /* ViewController.m */ = {isa = PBXFileReference; lastKnownFileType = sourcecode.c.objc; path = ViewController.m; sourceTree = "<group>"; };
		B891B5E52117843000F98BFF /* Base */ = {isa = PBXFileReference; lastKnownFileType = file.storyboard; name = Base; path = Base.lproj/Main.storyboard; sourceTree = "<group>"; };
		B891B5E82117843000F98BFF /* Calenda_Master.xcdatamodel */ = {isa = PBXFileReference; lastKnownFileType = wrapper.xcdatamodel; path = Calenda_Master.xcdatamodel; sourceTree = "<group>"; };
		B891B5EA2117843100F98BFF /* Assets.xcassets */ = {isa = PBXFileReference; lastKnownFileType = folder.assetcatalog; path = Assets.xcassets; sourceTree = "<group>"; };
		B891B5ED2117843100F98BFF /* Base */ = {isa = PBXFileReference; lastKnownFileType = file.storyboard; name = Base; path = Base.lproj/LaunchScreen.storyboard; sourceTree = "<group>"; };
		B891B5EF2117843100F98BFF /* Info.plist */ = {isa = PBXFileReference; lastKnownFileType = text.plist.xml; path = Info.plist; sourceTree = "<group>"; };
		B891B5F02117843100F98BFF /* main.m */ = {isa = PBXFileReference; lastKnownFileType = sourcecode.c.objc; path = main.m; sourceTree = "<group>"; };
		B891B5F62117843100F98BFF /* Calenda MasterTests.xctest */ = {isa = PBXFileReference; explicitFileType = wrapper.cfbundle; includeInIndex = 0; path = "Calenda MasterTests.xctest"; sourceTree = BUILT_PRODUCTS_DIR; };
		B891B5FA2117843100F98BFF /* Calenda_MasterTests.m */ = {isa = PBXFileReference; lastKnownFileType = sourcecode.c.objc; path = Calenda_MasterTests.m; sourceTree = "<group>"; };
		B891B5FC2117843100F98BFF /* Info.plist */ = {isa = PBXFileReference; lastKnownFileType = text.plist.xml; path = Info.plist; sourceTree = "<group>"; };
		B891B6012117843100F98BFF /* Calenda MasterUITests.xctest */ = {isa = PBXFileReference; explicitFileType = wrapper.cfbundle; includeInIndex = 0; path = "Calenda MasterUITests.xctest"; sourceTree = BUILT_PRODUCTS_DIR; };
		B891B6052117843100F98BFF /* Calenda_MasterUITests.m */ = {isa = PBXFileReference; lastKnownFileType = sourcecode.c.objc; path = Calenda_MasterUITests.m; sourceTree = "<group>"; };
		B891B6072117843100F98BFF /* Info.plist */ = {isa = PBXFileReference; lastKnownFileType = text.plist.xml; path = Info.plist; sourceTree = "<group>"; };
/* End PBXFileReference section */

/* Begin PBXFrameworksBuildPhase section */
		B891B5D82117843000F98BFF /* Frameworks */ = {
			isa = PBXFrameworksBuildPhase;
			buildActionMask = 2147483647;
			files = (
			);
			runOnlyForDeploymentPostprocessing = 0;
		};
		B891B5F32117843100F98BFF /* Frameworks */ = {
			isa = PBXFrameworksBuildPhase;
			buildActionMask = 2147483647;
			files = (
			);
			runOnlyForDeploymentPostprocessing = 0;
		};
		B891B5FE2117843100F98BFF /* Frameworks */ = {
			isa = PBXFrameworksBuildPhase;
			buildActionMask = 2147483647;
			files = (
			);
			runOnlyForDeploymentPostprocessing = 0;
		};
/* End PBXFrameworksBuildPhase section */

/* Begin PBXGroup section */
		B891B5D22117843000F98BFF = {
			isa = PBXGroup;
			children = (
				B891B5DD2117843000F98BFF /* Calenda Master */,
				B891B5F92117843100F98BFF /* Calenda MasterTests */,
				B891B6042117843100F98BFF /* Calenda MasterUITests */,
				B891B5DC2117843000F98BFF /* Products */,
			);
			sourceTree = "<group>";
		};
		B891B5DC2117843000F98BFF /* Products */ = {
			isa = PBXGroup;
			children = (
				B891B5DB2117843000F98BFF /* Calenda Master.app */,
				B891B5F62117843100F98BFF /* Calenda MasterTests.xctest */,
				B891B6012117843100F98BFF /* Calenda MasterUITests.xctest */,
			);
			name = Products;
			sourceTree = "<group>";
		};
		B891B5DD2117843000F98BFF /* Calenda Master */ = {
			isa = PBXGroup;
			children = (
				B891B5DE2117843000F98BFF /* AppDelegate.h */,
				B891B5DF2117843000F98BFF /* AppDelegate.m */,
				B891B5E12117843000F98BFF /* ViewController.h */,
				B891B5E22117843000F98BFF /* ViewController.m */,
				B891B5E42117843000F98BFF /* Main.storyboard */,
				B891B5EA2117843100F98BFF /* Assets.xcassets */,
				B891B5EC2117843100F98BFF /* LaunchScreen.storyboard */,
				B891B5EF2117843100F98BFF /* Info.plist */,
				B891B5F02117843100F98BFF /* main.m */,
				B891B5E72117843000F98BFF /* Calenda_Master.xcdatamodeld */,
			);
			path = "Calenda Master";
			sourceTree = "<group>";
		};
		B891B5F92117843100F98BFF /* Calenda MasterTests */ = {
			isa = PBXGroup;
			children = (
				B891B5FA2117843100F98BFF /* Calenda_MasterTests.m */,
				B891B5FC2117843100F98BFF /* Info.plist */,
			);
			path = "Calenda MasterTests";
			sourceTree = "<group>";
		};
		B891B6042117843100F98BFF /* Calenda MasterUITests */ = {
			isa = PBXGroup;
			children = (
				B891B6052117843100F98BFF /* Calenda_MasterUITests.m */,
				B891B6072117843100F98BFF /* Info.plist */,
			);
			path = "Calenda MasterUITests";
			sourceTree = "<group>";
		};
/* End PBXGroup section */

/* Begin PBXNativeTarget section */
		B891B5DA2117843000F98BFF /* Calenda Master */ = {
			isa = PBXNativeTarget;
			buildConfigurationList = B891B60A2117843100F98BFF /* Build configuration list for PBXNativeTarget "Calenda Master" */;
			buildPhases = (
				B891B5D72117843000F98BFF /* Sources */,
				B891B5D82117843000F98BFF /* Frameworks */,
				B891B5D92117843000F98BFF /* Resources */,
			);
			buildRules = (
			);
			dependencies = (
			);
			name = "Calenda Master";
			productName = "Calenda Master";
			productReference = B891B5DB2117843000F98BFF /* Calenda Master.app */;
			productType = "com.apple.product-type.application";
		};
		B891B5F52117843100F98BFF /* Calenda MasterTests */ = {
			isa = PBXNativeTarget;
			buildConfigurationList = B891B60D2117843100F98BFF /* Build configuration list for PBXNativeTarget "Calenda MasterTests" */;
			buildPhases = (
				B891B5F22117843100F98BFF /* Sources */,
				B891B5F32117843100F98BFF /* Frameworks */,
				B891B5F42117843100F98BFF /* Resources */,
			);
			buildRules = (
			);
			dependencies = (
				B891B5F82117843100F98BFF /* PBXTargetDependency */,
			);
			name = "Calenda MasterTests";
			productName = "Calenda MasterTests";
			productReference = B891B5F62117843100F98BFF /* Calenda MasterTests.xctest */;
			productType = "com.apple.product-type.bundle.unit-test";
		};
		B891B6002117843100F98BFF /* Calenda MasterUITests */ = {
			isa = PBXNativeTarget;
			buildConfigurationList = B891B6102117843100F98BFF /* Build configuration list for PBXNativeTarget "Calenda MasterUITests" */;
			buildPhases = (
				B891B5FD2117843100F98BFF /* Sources */,
				B891B5FE2117843100F98BFF /* Frameworks */,
				B891B5FF2117843100F98BFF /* Resources */,
			);
			buildRules = (
			);
			dependencies = (
				B891B6032117843100F98BFF /* PBXTargetDependency */,
			);
			name = "Calenda MasterUITests";
			productName = "Calenda MasterUITests";
			productReference = B891B6012117843100F98BFF /* Calenda MasterUITests.xctest */;
			productType = "com.apple.product-type.bundle.ui-testing";
		};
/* End PBXNativeTarget section */

/* Begin PBXProject section */
		B891B5D32117843000F98BFF /* Project object */ = {
			isa = PBXProject;
			attributes = {
				LastUpgradeCheck = 0940;
				ORGANIZATIONNAME = "姜来";
				TargetAttributes = {
					B891B5DA2117843000F98BFF = {
						CreatedOnToolsVersion = 9.4.1;
					};
					B891B5F52117843100F98BFF = {
						CreatedOnToolsVersion = 9.4.1;
						TestTargetID = B891B5DA2117843000F98BFF;
					};
					B891B6002117843100F98BFF = {
						CreatedOnToolsVersion = 9.4.1;
						TestTargetID = B891B5DA2117843000F98BFF;
					};
				};
			};
			buildConfigurationList = B891B5D62117843000F98BFF /* Build configuration list for PBXProject "Calenda Master" */;
			compatibilityVersion = "Xcode 9.3";
			developmentRegion = en;
			hasScannedForEncodings = 0;
			knownRegions = (
				en,
				Base,
			);
			mainGroup = B891B5D22117843000F98BFF;
			productRefGroup = B891B5DC2117843000F98BFF /* Products */;
			projectDirPath = "";
			projectRoot = "";
			targets = (
				B891B5DA2117843000F98BFF /* Calenda Master */,
				B891B5F52117843100F98BFF /* Calenda MasterTests */,
				B891B6002117843100F98BFF /* Calenda MasterUITests */,
			);
		};
/* End PBXProject section */

/* Begin PBXResourcesBuildPhase section */
		B891B5D92117843000F98BFF /* Resources */ = {
			isa = PBXResourcesBuildPhase;
			buildActionMask = 2147483647;
			files = (
				B891B5EE2117843100F98BFF /* LaunchScreen.storyboard in Resources */,
				B891B5EB2117843100F98BFF /* Assets.xcassets in Resources */,
				B891B5E62117843000F98BFF /* Main.storyboard in Resources */,
			);
			runOnlyForDeploymentPostprocessing = 0;
		};
		B891B5F42117843100F98BFF /* Resources */ = {
			isa = PBXResourcesBuildPhase;
			buildActionMask = 2147483647;
			files = (
			);
			runOnlyForDeploymentPostprocessing = 0;
		};
		B891B5FF2117843100F98BFF /* Resources */ = {
			isa = PBXResourcesBuildPhase;
			buildActionMask = 2147483647;
			files = (
			);
			runOnlyForDeploymentPostprocessing = 0;
		};
/* End PBXResourcesBuildPhase section */

/* Begin PBXSourcesBuildPhase section */
		B891B5D72117843000F98BFF /* Sources */ = {
			isa = PBXSourcesBuildPhase;
			buildActionMask = 2147483647;
			files = (
				B891B5E32117843000F98BFF /* ViewController.m in Sources */,
				B891B5E92117843000F98BFF /* Calenda_Master.xcdatamodeld in Sources */,
				B891B5F12117843100F98BFF /* main.m in Sources */,
				B891B5E02117843000F98BFF /* AppDelegate.m in Sources */,
			);
			runOnlyForDeploymentPostprocessing = 0;
		};
		B891B5F22117843100F98BFF /* Sources */ = {
			isa = PBXSourcesBuildPhase;
			buildActionMask = 2147483647;
			files = (
				B891B5FB2117843100F98BFF /* Calenda_MasterTests.m in Sources */,
			);
			runOnlyForDeploymentPostprocessing = 0;
		};
		B891B5FD2117843100F98BFF /* Sources */ = {
			isa = PBXSourcesBuildPhase;
			buildActionMask = 2147483647;
			files = (
				B891B6062117843100F98BFF /* Calenda_MasterUITests.m in Sources */,
			);
			runOnlyForDeploymentPostprocessing = 0;
		};
/* End PBXSourcesBuildPhase section */

/* Begin PBXTargetDependency section */
		B891B5F82117843100F98BFF /* PBXTargetDependency */ = {
			isa = PBXTargetDependency;
			target = B891B5DA2117843000F98BFF /* Calenda Master */;
			targetProxy = B891B5F72117843100F98BFF /* PBXContainerItemProxy */;
		};
		B891B6032117843100F98BFF /* PBXTargetDependency */ = {
			isa = PBXTargetDependency;
			target = B891B5DA2117843000F98BFF /* Calenda Master */;
			targetProxy = B891B6022117843100F98BFF /* PBXContainerItemProxy */;
		};
/* End PBXTargetDependency section */

/* Begin PBXVariantGroup section */
		B891B5E42117843000F98BFF /* Main.storyboard */ = {
			isa = PBXVariantGroup;
			children = (
				B891B5E52117843000F98BFF /* Base */,
			);
			name = Main.storyboard;
			sourceTree = "<group>";
		};
		B891B5EC2117843100F98BFF /* LaunchScreen.storyboard */ = {
			isa = PBXVariantGroup;
			children = (
				B891B5ED2117843100F98BFF /* Base */,
			);
			name = LaunchScreen.storyboard;
			sourceTree = "<group>";
		};
/* End PBXVariantGroup section */

/* Begin XCBuildConfiguration section */
		B891B6082117843100F98BFF /* Debug */ = {
			isa = XCBuildConfiguration;
			buildSettings = {
				ALWAYS_SEARCH_USER_PATHS = NO;
				CLANG_ANALYZER_NONNULL = YES;
				CLANG_ANALYZER_NUMBER_OBJECT_CONVERSION = YES_AGGRESSIVE;
				CLANG_CXX_LANGUAGE_STANDARD = "gnu++14";
				CLANG_CXX_LIBRARY = "libc++";
				CLANG_ENABLE_MODULES = YES;
				CLANG_ENABLE_OBJC_ARC = YES;
				CLANG_ENABLE_OBJC_WEAK = YES;
				CLANG_WARN_BLOCK_CAPTURE_AUTORELEASING = YES;
				CLANG_WARN_BOOL_CONVERSION = YES;
				CLANG_WARN_COMMA = YES;
				CLANG_WARN_CONSTANT_CONVERSION = YES;
				CLANG_WARN_DEPRECATED_OBJC_IMPLEMENTATIONS = YES;
				CLANG_WARN_DIRECT_OBJC_ISA_USAGE = YES_ERROR;
				CLANG_WARN_DOCUMENTATION_COMMENTS = YES;
				CLANG_WARN_EMPTY_BODY = YES;
				CLANG_WARN_ENUM_CONVERSION = YES;
				CLANG_WARN_INFINITE_RECURSION = YES;
				CLANG_WARN_INT_CONVERSION = YES;
				CLANG_WARN_NON_LITERAL_NULL_CONVERSION = YES;
				CLANG_WARN_OBJC_IMPLICIT_RETAIN_SELF = YES;
				CLANG_WARN_OBJC_LITERAL_CONVERSION = YES;
				CLANG_WARN_OBJC_ROOT_CLASS = YES_ERROR;
				CLANG_WARN_RANGE_LOOP_ANALYSIS = YES;
				CLANG_WARN_STRICT_PROTOTYPES = YES;
				CLANG_WARN_SUSPICIOUS_MOVE = YES;
				CLANG_WARN_UNGUARDED_AVAILABILITY = YES_AGGRESSIVE;
				CLANG_WARN_UNREACHABLE_CODE = YES;
				CLANG_WARN__DUPLICATE_METHOD_MATCH = YES;
				CODE_SIGN_IDENTITY = "iPhone Developer";
				COPY_PHASE_STRIP = NO;
				DEBUG_INFORMATION_FORMAT = dwarf;
				ENABLE_STRICT_OBJC_MSGSEND = YES;
				ENABLE_TESTABILITY = YES;
				GCC_C_LANGUAGE_STANDARD = gnu11;
				GCC_DYNAMIC_NO_PIC = NO;
				GCC_NO_COMMON_BLOCKS = YES;
				GCC_OPTIMIZATION_LEVEL = 0;
				GCC_PREPROCESSOR_DEFINITIONS = (
					"DEBUG=1",
					"$(inherited)",
				);
				GCC_WARN_64_TO_32_BIT_CONVERSION = YES;
				GCC_WARN_ABOUT_RETURN_TYPE = YES_ERROR;
				GCC_WARN_UNDECLARED_SELECTOR = YES;
				GCC_WARN_UNINITIALIZED_AUTOS = YES_AGGRESSIVE;
				GCC_WARN_UNUSED_FUNCTION = YES;
				GCC_WARN_UNUSED_VARIABLE = YES;
				IPHONEOS_DEPLOYMENT_TARGET = 11.4;
				MTL_ENABLE_DEBUG_INFO = YES;
				ONLY_ACTIVE_ARCH = YES;
				SDKROOT = iphoneos;
			};
			name = Debug;
		};
		B891B6092117843100F98BFF /* Release */ = {
			isa = XCBuildConfiguration;
			buildSettings = {
				ALWAYS_SEARCH_USER_PATHS = NO;
				CLANG_ANALYZER_NONNULL = YES;
				CLANG_ANALYZER_NUMBER_OBJECT_CONVERSION = YES_AGGRESSIVE;
				CLANG_CXX_LANGUAGE_STANDARD = "gnu++14";
				CLANG_CXX_LIBRARY = "libc++";
				CLANG_ENABLE_MODULES = YES;
				CLANG_ENABLE_OBJC_ARC = YES;
				CLANG_ENABLE_OBJC_WEAK = YES;
				CLANG_WARN_BLOCK_CAPTURE_AUTORELEASING = YES;
				CLANG_WARN_BOOL_CONVERSION = YES;
				CLANG_WARN_COMMA = YES;
				CLANG_WARN_CONSTANT_CONVERSION = YES;
				CLANG_WARN_DEPRECATED_OBJC_IMPLEMENTATIONS = YES;
				CLANG_WARN_DIRECT_OBJC_ISA_USAGE = YES_ERROR;
				CLANG_WARN_DOCUMENTATION_COMMENTS = YES;
				CLANG_WARN_EMPTY_BODY = YES;
				CLANG_WARN_ENUM_CONVERSION = YES;
				CLANG_WARN_INFINITE_RECURSION = YES;
				CLANG_WARN_INT_CONVERSION = YES;
				CLANG_WARN_NON_LITERAL_NULL_CONVERSION = YES;
				CLANG_WARN_OBJC_IMPLICIT_RETAIN_SELF = YES;
				CLANG_WARN_OBJC_LITERAL_CONVERSION = YES;
				CLANG_WARN_OBJC_ROOT_CLASS = YES_ERROR;
				CLANG_WARN_RANGE_LOOP_ANALYSIS = YES;
				CLANG_WARN_STRICT_PROTOTYPES = YES;
				CLANG_WARN_SUSPICIOUS_MOVE = YES;
				CLANG_WARN_UNGUARDED_AVAILABILITY = YES_AGGRESSIVE;
				CLANG_WARN_UNREACHABLE_CODE = YES;
				CLANG_WARN__DUPLICATE_METHOD_MATCH = YES;
				CODE_SIGN_IDENTITY = "iPhone Developer";
				COPY_PHASE_STRIP = NO;
				DEBUG_INFORMATION_FORMAT = "dwarf-with-dsym";
				ENABLE_NS_ASSERTIONS = NO;
				ENABLE_STRICT_OBJC_MSGSEND = YES;
				GCC_C_LANGUAGE_STANDARD = gnu11;
				GCC_NO_COMMON_BLOCKS = YES;
				GCC_WARN_64_TO_32_BIT_CONVERSION = YES;
				GCC_WARN_ABOUT_RETURN_TYPE = YES_ERROR;
				GCC_WARN_UNDECLARED_SELECTOR = YES;
				GCC_WARN_UNINITIALIZED_AUTOS = YES_AGGRESSIVE;
				GCC_WARN_UNUSED_FUNCTION = YES;
				GCC_WARN_UNUSED_VARIABLE = YES;
				IPHONEOS_DEPLOYMENT_TARGET = 11.4;
				MTL_ENABLE_DEBUG_INFO = NO;
				SDKROOT = iphoneos;
				VALIDATE_PRODUCT = YES;
			};
			name = Release;
		};
		B891B60B2117843100F98BFF /* Debug */ = {
			isa = XCBuildConfiguration;
			buildSettings = {
				ASSETCATALOG_COMPILER_APPICON_NAME = AppIcon;
				CODE_SIGN_STYLE = Automatic;
				DEVELOPMENT_TEAM = MW7F52G822;
				INFOPLIST_FILE = "Calenda Master/Info.plist";
				LD_RUNPATH_SEARCH_PATHS = (
					"$(inherited)",
					"@executable_path/Frameworks",
				);
				PRODUCT_BUNDLE_IDENTIFIER = "com.Calenda-Msater.Calenda-Master";
				PRODUCT_NAME = "$(TARGET_NAME)";
				TARGETED_DEVICE_FAMILY = "1,2";
			};
			name = Debug;
		};
		B891B60C2117843100F98BFF /* Release */ = {
			isa = XCBuildConfiguration;
			buildSettings = {
				ASSETCATALOG_COMPILER_APPICON_NAME = AppIcon;
				CODE_SIGN_STYLE = Automatic;
				DEVELOPMENT_TEAM = MW7F52G822;
				INFOPLIST_FILE = "Calenda Master/Info.plist";
				LD_RUNPATH_SEARCH_PATHS = (
					"$(inherited)",
					"@executable_path/Frameworks",
				);
				PRODUCT_BUNDLE_IDENTIFIER = "com.Calenda-Msater.Calenda-Master";
				PRODUCT_NAME = "$(TARGET_NAME)";
				TARGETED_DEVICE_FAMILY = "1,2";
			};
			name = Release;
		};
		B891B60E2117843100F98BFF /* Debug */ = {
			isa = XCBuildConfiguration;
			buildSettings = {
				BUNDLE_LOADER = "$(TEST_HOST)";
				CODE_SIGN_STYLE = Automatic;
				DEVELOPMENT_TEAM = MW7F52G822;
				INFOPLIST_FILE = "Calenda MasterTests/Info.plist";
				LD_RUNPATH_SEARCH_PATHS = (
					"$(inherited)",
					"@executable_path/Frameworks",
					"@loader_path/Frameworks",
				);
				PRODUCT_BUNDLE_IDENTIFIER = "com.Calenda-Msater.Calenda-MasterTests";
				PRODUCT_NAME = "$(TARGET_NAME)";
				TARGETED_DEVICE_FAMILY = "1,2";
				TEST_HOST = "$(BUILT_PRODUCTS_DIR)/Calenda Master.app/Calenda Master";
			};
			name = Debug;
		};
		B891B60F2117843100F98BFF /* Release */ = {
			isa = XCBuildConfiguration;
			buildSettings = {
				BUNDLE_LOADER = "$(TEST_HOST)";
				CODE_SIGN_STYLE = Automatic;
				DEVELOPMENT_TEAM = MW7F52G822;
				INFOPLIST_FILE = "Calenda MasterTests/Info.plist";
				LD_RUNPATH_SEARCH_PATHS = (
					"$(inherited)",
					"@executable_path/Frameworks",
					"@loader_path/Frameworks",
				);
				PRODUCT_BUNDLE_IDENTIFIER = "com.Calenda-Msater.Calenda-MasterTests";
				PRODUCT_NAME = "$(TARGET_NAME)";
				TARGETED_DEVICE_FAMILY = "1,2";
				TEST_HOST = "$(BUILT_PRODUCTS_DIR)/Calenda Master.app/Calenda Master";
			};
			name = Release;
		};
		B891B6112117843100F98BFF /* Debug */ = {
			isa = XCBuildConfiguration;
			buildSettings = {
				CODE_SIGN_STYLE = Automatic;
				DEVELOPMENT_TEAM = MW7F52G822;
				INFOPLIST_FILE = "Calenda MasterUITests/Info.plist";
				LD_RUNPATH_SEARCH_PATHS = (
					"$(inherited)",
					"@executable_path/Frameworks",
					"@loader_path/Frameworks",
				);
				PRODUCT_BUNDLE_IDENTIFIER = "com.Calenda-Msater.Calenda-MasterUITests";
				PRODUCT_NAME = "$(TARGET_NAME)";
				TARGETED_DEVICE_FAMILY = "1,2";
				TEST_TARGET_NAME = "Calenda Master";
			};
			name = Debug;
		};
		B891B6122117843100F98BFF /* Release */ = {
			isa = XCBuildConfiguration;
			buildSettings = {
				CODE_SIGN_STYLE = Automatic;
				DEVELOPMENT_TEAM = MW7F52G822;
				INFOPLIST_FILE = "Calenda MasterUITests/Info.plist";
				LD_RUNPATH_SEARCH_PATHS = (
					"$(inherited)",
					"@executable_path/Frameworks",
					"@loader_path/Frameworks",
				);
				PRODUCT_BUNDLE_IDENTIFIER = "com.Calenda-Msater.Calenda-MasterUITests";
				PRODUCT_NAME = "$(TARGET_NAME)";
				TARGETED_DEVICE_FAMILY = "1,2";
				TEST_TARGET_NAME = "Calenda Master";
			};
			name = Release;
		};
/* End XCBuildConfiguration section */

/* Begin XCConfigurationList section */
		B891B5D62117843000F98BFF /* Build configuration list for PBXProject "Calenda Master" */ = {
			isa = XCConfigurationList;
			buildConfigurations = (
				B891B6082117843100F98BFF /* Debug */,
				B891B6092117843100F98BFF /* Release */,
			);
			defaultConfigurationIsVisible = 0;
			defaultConfigurationName = Release;
		};
		B891B60A2117843100F98BFF /* Build configuration list for PBXNativeTarget "Calenda Master" */ = {
			isa = XCConfigurationList;
			buildConfigurations = (
				B891B60B2117843100F98BFF /* Debug */,
				B891B60C2117843100F98BFF /* Release */,
			);
			defaultConfigurationIsVisible = 0;
			defaultConfigurationName = Release;
		};
		B891B60D2117843100F98BFF /* Build configuration list for PBXNativeTarget "Calenda MasterTests" */ = {
			isa = XCConfigurationList;
			buildConfigurations = (
				B891B60E2117843100F98BFF /* Debug */,
				B891B60F2117843100F98BFF /* Release */,
			);
			defaultConfigurationIsVisible = 0;
			defaultConfigurationName = Release;
		};
		B891B6102117843100F98BFF /* Build configuration list for PBXNativeTarget "Calenda MasterUITests" */ = {
			isa = XCConfigurationList;
			buildConfigurations = (
				B891B6112117843100F98BFF /* Debug */,
				B891B6122117843100F98BFF /* Release */,
			);
			defaultConfigurationIsVisible = 0;
			defaultConfigurationName = Release;
		};
/* End XCConfigurationList section */

/* Begin XCVersionGroup section */
		B891B5E72117843000F98BFF /* Calenda_Master.xcdatamodeld */ = {
			isa = XCVersionGroup;
			children = (
				B891B5E82117843000F98BFF /* Calenda_Master.xcdatamodel */,
			);
			currentVersion = B891B5E82117843000F98BFF /* Calenda_Master.xcdatamodel */;
			path = Calenda_Master.xcdatamodeld;
			sourceTree = "<group>";
			versionGroupType = wrapper.xcdatamodel;
		};
/* End XCVersionGroup section */
	};
	rootObject = B891B5D32117843000F98BFF /* Project object */;
}
